
Microsoft Visual Studio Solution File, Format Version 12.00
# Visual Studio Version 17
VisualStudioVersion = 17.7.34024.191
MinimumVisualStudioVersion = 10.0.40219.1
Project("{FAE04EC0-301F-11D3-BF4B-00C04F79EFBC}") = "SignGame", "SignGame\SignGame.csproj", "{4728309A-3C8B-403C-8904-3B791B594747}"
EndProject
Global
	GlobalSection(SolutionConfigurationPlatforms) = preSolution
		Debug|Any CPU = Debug|Any CPU
		Release|Any CPU = Release|Any CPU
	EndGlobalSection
	GlobalSection(ProjectConfigurationPlatforms) = postSolution
		{4728309A-3C8B-403C-8904-3B791B594747}.Debug|Any CPU.ActiveCfg = Debug|Any CPU
		{4728309A-3C8B-403C-8904-3B791B594747}.Debug|Any CPU.Build.0 = Debug|Any CPU
		{4728309A-3C8B-403C-8904-3B791B594747}.Release|Any CPU.ActiveCfg = Release|Any CPU
		{4728309A-3C8B-403C-8904-3B791B594747}.Release|Any CPU.Build.0 = Release|Any CPU
	EndGlobalSection
	GlobalSection(SolutionProperties) = preSolution
		HideSolutionNode = FALSE
	EndGlobalSection
	GlobalSection(ExtensibilityGlobals) = postSolution
		SolutionGuid = {6918952D-325D-4723-8B8C-DB88B047EE7E}
	EndGlobalSection
EndGlobal
